
Microsoft Visual Studio Solution File, Format Version 12.00
# Visual Studio Version 16
VisualStudioVersion = 16.0.31424.327
MinimumVisualStudioVersion = 10.0.40219.1
Project("{9A19103F-16F7-4668-BE54-9A1E7A4F7556}") = "IDS", "IDS\IDS.csproj", "{92C39915-12FD-43F3-8926-64B7C550ABEC}"
EndProject
Project("{FAE04EC0-301F-11D3-BF4B-00C04F79EFBC}") = "WebAPI", "WebAPI\WebAPI.csproj", "{48E5F4A6-7AA0-4670-8C99-928EE11699DD}"
EndProject
Global
	GlobalSection(SolutionConfigurationPlatforms) = preSolution
		Debug|Any CPU = Debug|Any CPU
		Release|Any CPU = Release|Any CPU
	EndGlobalSection
	GlobalSection(ProjectConfigurationPlatforms) = postSolution
		{92C39915-12FD-43F3-8926-64B7C550ABEC}.Debug|Any CPU.ActiveCfg = Debug|Any CPU
		{92C39915-12FD-43F3-8926-64B7C550ABEC}.Debug|Any CPU.Build.0 = Debug|Any CPU
		{92C39915-12FD-43F3-8926-64B7C550ABEC}.Release|Any CPU.ActiveCfg = Release|Any CPU
		{92C39915-12FD-43F3-8926-64B7C550ABEC}.Release|Any CPU.Build.0 = Release|Any CPU
		{48E5F4A6-7AA0-4670-8C99-928EE11699DD}.Debug|Any CPU.ActiveCfg = Debug|Any CPU
		{48E5F4A6-7AA0-4670-8C99-928EE11699DD}.Debug|Any CPU.Build.0 = Debug|Any CPU
		{48E5F4A6-7AA0-4670-8C99-928EE11699DD}.Release|Any CPU.ActiveCfg = Release|Any CPU
		{48E5F4A6-7AA0-4670-8C99-928EE11699DD}.Release|Any CPU.Build.0 = Release|Any CPU
	EndGlobalSection
	GlobalSection(SolutionProperties) = preSolution
		HideSolutionNode = FALSE
	EndGlobalSection
	GlobalSection(ExtensibilityGlobals) = postSolution
		SolutionGuid = {1FB12B37-8EEF-4731-BFC5-872DCA45B8A6}
	EndGlobalSection
EndGlobal
